
Microsoft Visual Studio Solution File, Format Version 12.00
Project("{FAE04EC0-301F-11D3-BF4B-00C04F79EFBC}") = "ImmortalVault-Server", "ImmortalVault-Server\ImmortalVault-Server.csproj", "{2517F814-C522-4954-A6FF-72F514843586}"
EndProject
Global
	GlobalSection(SolutionConfigurationPlatforms) = preSolution
		Debug|Any CPU = Debug|Any CPU
		Release|Any CPU = Release|Any CPU
	EndGlobalSection
	GlobalSection(ProjectConfigurationPlatforms) = postSolution
		{2517F814-C522-4954-A6FF-72F514843586}.Debug|Any CPU.ActiveCfg = Debug|Any CPU
		{2517F814-C522-4954-A6FF-72F514843586}.Debug|Any CPU.Build.0 = Debug|Any CPU
		{2517F814-C522-4954-A6FF-72F514843586}.Release|Any CPU.ActiveCfg = Release|Any CPU
		{2517F814-C522-4954-A6FF-72F514843586}.Release|Any CPU.Build.0 = Release|Any CPU
	EndGlobalSection
EndGlobal
